
Microsoft Visual Studio Solution File, Format Version 12.00
# Visual Studio Version 17
VisualStudioVersion = 17.9.34728.123
MinimumVisualStudioVersion = 10.0.40219.1
Project("{FAE04EC0-301F-11D3-BF4B-00C04F79EFBC}") = "PrimeiroPrograma", "PrimeiroPrograma\PrimeiroPrograma.csproj", "{4C49BE7D-D337-4921-9CDA-57269BF3C8D8}"
EndProject
Global
	GlobalSection(SolutionConfigurationPlatforms) = preSolution
		Debug|Any CPU = Debug|Any CPU
		Release|Any CPU = Release|Any CPU
	EndGlobalSection
	GlobalSection(ProjectConfigurationPlatforms) = postSolution
		{4C49BE7D-D337-4921-9CDA-57269BF3C8D8}.Debug|Any CPU.ActiveCfg = Debug|Any CPU
		{4C49BE7D-D337-4921-9CDA-57269BF3C8D8}.Debug|Any CPU.Build.0 = Debug|Any CPU
		{4C49BE7D-D337-4921-9CDA-57269BF3C8D8}.Release|Any CPU.ActiveCfg = Release|Any CPU
		{4C49BE7D-D337-4921-9CDA-57269BF3C8D8}.Release|Any CPU.Build.0 = Release|Any CPU
	EndGlobalSection
	GlobalSection(SolutionProperties) = preSolution
		HideSolutionNode = FALSE
	EndGlobalSection
	GlobalSection(ExtensibilityGlobals) = postSolution
		SolutionGuid = {0D87CEEC-A802-4DDF-98A2-6354FAD77597}
	EndGlobalSection
EndGlobal
